
Microsoft Visual Studio Solution File, Format Version 12.00
# Visual Studio Version 17
VisualStudioVersion = 17.3.32922.545
MinimumVisualStudioVersion = 10.0.40219.1
Project("{FAE04EC0-301F-11D3-BF4B-00C04F79EFBC}") = "TheFountainOfObjects", "TheFountainOfObjects.csproj", "{ACBBD069-898B-4F42-AF12-726077892B7E}"
EndProject
Global
	GlobalSection(SolutionConfigurationPlatforms) = preSolution
		Debug|Any CPU = Debug|Any CPU
		Release|Any CPU = Release|Any CPU
	EndGlobalSection
	GlobalSection(ProjectConfigurationPlatforms) = postSolution
		{ACBBD069-898B-4F42-AF12-726077892B7E}.Debug|Any CPU.ActiveCfg = Debug|Any CPU
		{ACBBD069-898B-4F42-AF12-726077892B7E}.Debug|Any CPU.Build.0 = Debug|Any CPU
		{ACBBD069-898B-4F42-AF12-726077892B7E}.Release|Any CPU.ActiveCfg = Release|Any CPU
		{ACBBD069-898B-4F42-AF12-726077892B7E}.Release|Any CPU.Build.0 = Release|Any CPU
	EndGlobalSection
	GlobalSection(SolutionProperties) = preSolution
		HideSolutionNode = FALSE
	EndGlobalSection
	GlobalSection(ExtensibilityGlobals) = postSolution
		SolutionGuid = {4F8BD9C9-635D-4027-923B-9C4CB86BC96F}
	EndGlobalSection
EndGlobal
